
Microsoft Visual Studio Solution File, Format Version 12.00
# Visual Studio Version 16
VisualStudioVersion = 16.0.30413.136
MinimumVisualStudioVersion = 10.0.40219.1
Project("{FAE04EC0-301F-11D3-BF4B-00C04F79EFBC}") = "Hello World", "Hello World.csproj", "{7DA40051-886C-4A35-8B04-23EF65739026}"
EndProject
Global
	GlobalSection(SolutionConfigurationPlatforms) = preSolution
		Debug|Any CPU = Debug|Any CPU
		Release|Any CPU = Release|Any CPU
	EndGlobalSection
	GlobalSection(ProjectConfigurationPlatforms) = postSolution
		{7DA40051-886C-4A35-8B04-23EF65739026}.Debug|Any CPU.ActiveCfg = Debug|Any CPU
		{7DA40051-886C-4A35-8B04-23EF65739026}.Debug|Any CPU.Build.0 = Debug|Any CPU
		{7DA40051-886C-4A35-8B04-23EF65739026}.Release|Any CPU.ActiveCfg = Release|Any CPU
		{7DA40051-886C-4A35-8B04-23EF65739026}.Release|Any CPU.Build.0 = Release|Any CPU
	EndGlobalSection
	GlobalSection(SolutionProperties) = preSolution
		HideSolutionNode = FALSE
	EndGlobalSection
	GlobalSection(ExtensibilityGlobals) = postSolution
		SolutionGuid = {34483C43-27AB-4683-AC15-497E400B5388}
	EndGlobalSection
EndGlobal
